
Microsoft Visual Studio Solution File, Format Version 12.00
# Visual Studio Version 16
VisualStudioVersion = 16.0.31205.134
MinimumVisualStudioVersion = 10.0.40219.1
Project("{FAE04EC0-301F-11D3-BF4B-00C04F79EFBC}") = "learnEntities", "learnEntities\learnEntities.csproj", "{AD9CACBD-F006-4C3D-BD59-4462A10F7C90}"
EndProject
Global
	GlobalSection(SolutionConfigurationPlatforms) = preSolution
		Debug|Any CPU = Debug|Any CPU
		Release|Any CPU = Release|Any CPU
	EndGlobalSection
	GlobalSection(ProjectConfigurationPlatforms) = postSolution
		{AD9CACBD-F006-4C3D-BD59-4462A10F7C90}.Debug|Any CPU.ActiveCfg = Debug|Any CPU
		{AD9CACBD-F006-4C3D-BD59-4462A10F7C90}.Debug|Any CPU.Build.0 = Debug|Any CPU
		{AD9CACBD-F006-4C3D-BD59-4462A10F7C90}.Release|Any CPU.ActiveCfg = Release|Any CPU
		{AD9CACBD-F006-4C3D-BD59-4462A10F7C90}.Release|Any CPU.Build.0 = Release|Any CPU
	EndGlobalSection
	GlobalSection(SolutionProperties) = preSolution
		HideSolutionNode = FALSE
	EndGlobalSection
	GlobalSection(ExtensibilityGlobals) = postSolution
		SolutionGuid = {FA056BBE-58ED-4045-9CAB-E2D1295A58F1}
	EndGlobalSection
EndGlobal
